
Microsoft Visual Studio Solution File, Format Version 12.00
# Visual Studio Version 16
VisualStudioVersion = 16.0.31105.61
MinimumVisualStudioVersion = 10.0.40219.1
Project("{FAE04EC0-301F-11D3-BF4B-00C04F79EFBC}") = "PCX Decoder", "PCX Decoder\PCX Decoder.csproj", "{F8102B4D-BDCE-4306-85A2-70727F613FFD}"
EndProject
Global
	GlobalSection(SolutionConfigurationPlatforms) = preSolution
		Debug|Any CPU = Debug|Any CPU
		Release|Any CPU = Release|Any CPU
	EndGlobalSection
	GlobalSection(ProjectConfigurationPlatforms) = postSolution
		{F8102B4D-BDCE-4306-85A2-70727F613FFD}.Debug|Any CPU.ActiveCfg = Debug|Any CPU
		{F8102B4D-BDCE-4306-85A2-70727F613FFD}.Debug|Any CPU.Build.0 = Debug|Any CPU
		{F8102B4D-BDCE-4306-85A2-70727F613FFD}.Release|Any CPU.ActiveCfg = Release|Any CPU
		{F8102B4D-BDCE-4306-85A2-70727F613FFD}.Release|Any CPU.Build.0 = Release|Any CPU
	EndGlobalSection
	GlobalSection(SolutionProperties) = preSolution
		HideSolutionNode = FALSE
	EndGlobalSection
	GlobalSection(ExtensibilityGlobals) = postSolution
		SolutionGuid = {7B06CC2D-5D92-499D-9427-C0049BA22DFC}
	EndGlobalSection
EndGlobal
